
Microsoft Visual Studio Solution File, Format Version 12.00
# Visual Studio 15
VisualStudioVersion = 15.0.27004.2009
MinimumVisualStudioVersion = 10.0.40219.1
Project("{FAE04EC0-301F-11D3-BF4B-00C04F79EFBC}") = "MyRadio", "MyRadio\MyRadio.csproj", "{D5C87D10-22CF-4BC4-9D42-5D920C2F0674}"
EndProject
Global
	GlobalSection(SolutionConfigurationPlatforms) = preSolution
		Debug|Any CPU = Debug|Any CPU
		Release|Any CPU = Release|Any CPU
	EndGlobalSection
	GlobalSection(ProjectConfigurationPlatforms) = postSolution
		{D5C87D10-22CF-4BC4-9D42-5D920C2F0674}.Debug|Any CPU.ActiveCfg = Debug|Any CPU
		{D5C87D10-22CF-4BC4-9D42-5D920C2F0674}.Debug|Any CPU.Build.0 = Debug|Any CPU
		{D5C87D10-22CF-4BC4-9D42-5D920C2F0674}.Release|Any CPU.ActiveCfg = Release|Any CPU
		{D5C87D10-22CF-4BC4-9D42-5D920C2F0674}.Release|Any CPU.Build.0 = Release|Any CPU
	EndGlobalSection
	GlobalSection(SolutionProperties) = preSolution
		HideSolutionNode = FALSE
	EndGlobalSection
	GlobalSection(ExtensibilityGlobals) = postSolution
		SolutionGuid = {0986E0A9-0E2F-4E34-9055-D195CB1557F6}
	EndGlobalSection
EndGlobal
