
Microsoft Visual Studio Solution File, Format Version 12.00
# Visual Studio 15
VisualStudioVersion = 15.0.26730.10
MinimumVisualStudioVersion = 10.0.40219.1
Project("{FAE04EC0-301F-11D3-BF4B-00C04F79EFBC}") = "RemoveDuplicates", "RemoveDuplicates\RemoveDuplicates.csproj", "{959E811B-2D3B-43B9-98C0-69D0360350C8}"
EndProject
Global
	GlobalSection(SolutionConfigurationPlatforms) = preSolution
		Debug|Any CPU = Debug|Any CPU
		Release|Any CPU = Release|Any CPU
	EndGlobalSection
	GlobalSection(ProjectConfigurationPlatforms) = postSolution
		{959E811B-2D3B-43B9-98C0-69D0360350C8}.Debug|Any CPU.ActiveCfg = Debug|Any CPU
		{959E811B-2D3B-43B9-98C0-69D0360350C8}.Debug|Any CPU.Build.0 = Debug|Any CPU
		{959E811B-2D3B-43B9-98C0-69D0360350C8}.Release|Any CPU.ActiveCfg = Release|Any CPU
		{959E811B-2D3B-43B9-98C0-69D0360350C8}.Release|Any CPU.Build.0 = Release|Any CPU
	EndGlobalSection
	GlobalSection(SolutionProperties) = preSolution
		HideSolutionNode = FALSE
	EndGlobalSection
	GlobalSection(ExtensibilityGlobals) = postSolution
		SolutionGuid = {A0AFE1D4-DCBC-4DB0-A8AB-CC91FD291505}
	EndGlobalSection
EndGlobal
