
Microsoft Visual Studio Solution File, Format Version 12.00
# Visual Studio 15
VisualStudioVersion = 15.0.26730.10
MinimumVisualStudioVersion = 10.0.40219.1
Project("{FAE04EC0-301F-11D3-BF4B-00C04F79EFBC}") = "Grouping2", "Grouping2\Grouping2.csproj", "{43BF02E1-7A2C-4D76-8D37-29D87C54247E}"
EndProject
Global
	GlobalSection(SolutionConfigurationPlatforms) = preSolution
		Debug|Any CPU = Debug|Any CPU
		Release|Any CPU = Release|Any CPU
	EndGlobalSection
	GlobalSection(ProjectConfigurationPlatforms) = postSolution
		{43BF02E1-7A2C-4D76-8D37-29D87C54247E}.Debug|Any CPU.ActiveCfg = Debug|Any CPU
		{43BF02E1-7A2C-4D76-8D37-29D87C54247E}.Debug|Any CPU.Build.0 = Debug|Any CPU
		{43BF02E1-7A2C-4D76-8D37-29D87C54247E}.Release|Any CPU.ActiveCfg = Release|Any CPU
		{43BF02E1-7A2C-4D76-8D37-29D87C54247E}.Release|Any CPU.Build.0 = Release|Any CPU
	EndGlobalSection
	GlobalSection(SolutionProperties) = preSolution
		HideSolutionNode = FALSE
	EndGlobalSection
	GlobalSection(ExtensibilityGlobals) = postSolution
		SolutionGuid = {7B7ABB65-1A17-494E-A99F-5D0A8190F57C}
	EndGlobalSection
EndGlobal
