
Microsoft Visual Studio Solution File, Format Version 12.00
# Visual Studio 15
VisualStudioVersion = 15.0.26730.10
MinimumVisualStudioVersion = 10.0.40219.1
Project("{FAE04EC0-301F-11D3-BF4B-00C04F79EFBC}") = "MdiTextEditor", "MdiTextEditor\MdiTextEditor.csproj", "{DD7DE9EF-4D65-4748-81A3-B171CC3E3FF7}"
EndProject
Global
	GlobalSection(SolutionConfigurationPlatforms) = preSolution
		Debug|Any CPU = Debug|Any CPU
		Release|Any CPU = Release|Any CPU
	EndGlobalSection
	GlobalSection(ProjectConfigurationPlatforms) = postSolution
		{DD7DE9EF-4D65-4748-81A3-B171CC3E3FF7}.Debug|Any CPU.ActiveCfg = Debug|Any CPU
		{DD7DE9EF-4D65-4748-81A3-B171CC3E3FF7}.Debug|Any CPU.Build.0 = Debug|Any CPU
		{DD7DE9EF-4D65-4748-81A3-B171CC3E3FF7}.Release|Any CPU.ActiveCfg = Release|Any CPU
		{DD7DE9EF-4D65-4748-81A3-B171CC3E3FF7}.Release|Any CPU.Build.0 = Release|Any CPU
	EndGlobalSection
	GlobalSection(SolutionProperties) = preSolution
		HideSolutionNode = FALSE
	EndGlobalSection
	GlobalSection(ExtensibilityGlobals) = postSolution
		SolutionGuid = {332FE206-C119-4907-A919-2456EE49CEE6}
	EndGlobalSection
EndGlobal
