
Microsoft Visual Studio Solution File, Format Version 12.00
# Visual Studio 15
VisualStudioVersion = 15.0.27004.2009
MinimumVisualStudioVersion = 10.0.40219.1
Project("{FAE04EC0-301F-11D3-BF4B-00C04F79EFBC}") = "SortedDictionaryTest", "SortedDictionaryTest\SortedDictionaryTest.csproj", "{391E1294-C8D1-44D5-BA6F-D880E02BEAB9}"
EndProject
Global
	GlobalSection(SolutionConfigurationPlatforms) = preSolution
		Debug|Any CPU = Debug|Any CPU
		Release|Any CPU = Release|Any CPU
	EndGlobalSection
	GlobalSection(ProjectConfigurationPlatforms) = postSolution
		{391E1294-C8D1-44D5-BA6F-D880E02BEAB9}.Debug|Any CPU.ActiveCfg = Debug|Any CPU
		{391E1294-C8D1-44D5-BA6F-D880E02BEAB9}.Debug|Any CPU.Build.0 = Debug|Any CPU
		{391E1294-C8D1-44D5-BA6F-D880E02BEAB9}.Release|Any CPU.ActiveCfg = Release|Any CPU
		{391E1294-C8D1-44D5-BA6F-D880E02BEAB9}.Release|Any CPU.Build.0 = Release|Any CPU
	EndGlobalSection
	GlobalSection(SolutionProperties) = preSolution
		HideSolutionNode = FALSE
	EndGlobalSection
	GlobalSection(ExtensibilityGlobals) = postSolution
		SolutionGuid = {57182248-B98D-4532-A716-353C571AC92E}
	EndGlobalSection
EndGlobal
