
Microsoft Visual Studio Solution File, Format Version 12.00
# Visual Studio 15
VisualStudioVersion = 15.0.26730.10
MinimumVisualStudioVersion = 10.0.40219.1
Project("{FAE04EC0-301F-11D3-BF4B-00C04F79EFBC}") = "GuessingGame", "GuessingGame\GuessingGame.csproj", "{EFA2FEBD-F806-4DB3-B0C2-C762200CBC11}"
EndProject
Global
	GlobalSection(SolutionConfigurationPlatforms) = preSolution
		Debug|Any CPU = Debug|Any CPU
		Release|Any CPU = Release|Any CPU
	EndGlobalSection
	GlobalSection(ProjectConfigurationPlatforms) = postSolution
		{EFA2FEBD-F806-4DB3-B0C2-C762200CBC11}.Debug|Any CPU.ActiveCfg = Debug|Any CPU
		{EFA2FEBD-F806-4DB3-B0C2-C762200CBC11}.Debug|Any CPU.Build.0 = Debug|Any CPU
		{EFA2FEBD-F806-4DB3-B0C2-C762200CBC11}.Release|Any CPU.ActiveCfg = Release|Any CPU
		{EFA2FEBD-F806-4DB3-B0C2-C762200CBC11}.Release|Any CPU.Build.0 = Release|Any CPU
	EndGlobalSection
	GlobalSection(SolutionProperties) = preSolution
		HideSolutionNode = FALSE
	EndGlobalSection
	GlobalSection(ExtensibilityGlobals) = postSolution
		SolutionGuid = {D1B088AA-C50B-4DD3-8209-67EFFCD5A16D}
	EndGlobalSection
EndGlobal
