
Microsoft Visual Studio Solution File, Format Version 12.00
# Visual Studio 15
VisualStudioVersion = 15.0.26730.10
MinimumVisualStudioVersion = 10.0.40219.1
Project("{FAE04EC0-301F-11D3-BF4B-00C04F79EFBC}") = "PayrollSytem0", "PayrollSytem0\PayrollSytem0.csproj", "{94D9AB2F-2CDE-482D-8B22-61B4F766914E}"
EndProject
Global
	GlobalSection(SolutionConfigurationPlatforms) = preSolution
		Debug|Any CPU = Debug|Any CPU
		Release|Any CPU = Release|Any CPU
	EndGlobalSection
	GlobalSection(ProjectConfigurationPlatforms) = postSolution
		{94D9AB2F-2CDE-482D-8B22-61B4F766914E}.Debug|Any CPU.ActiveCfg = Debug|Any CPU
		{94D9AB2F-2CDE-482D-8B22-61B4F766914E}.Debug|Any CPU.Build.0 = Debug|Any CPU
		{94D9AB2F-2CDE-482D-8B22-61B4F766914E}.Release|Any CPU.ActiveCfg = Release|Any CPU
		{94D9AB2F-2CDE-482D-8B22-61B4F766914E}.Release|Any CPU.Build.0 = Release|Any CPU
	EndGlobalSection
	GlobalSection(SolutionProperties) = preSolution
		HideSolutionNode = FALSE
	EndGlobalSection
	GlobalSection(ExtensibilityGlobals) = postSolution
		SolutionGuid = {BF50EE8C-C3C3-470E-B59F-7E8068A00D1F}
	EndGlobalSection
EndGlobal
