
Microsoft Visual Studio Solution File, Format Version 12.00
# Visual Studio 15
VisualStudioVersion = 15.0.26730.10
MinimumVisualStudioVersion = 10.0.40219.1
Project("{FAE04EC0-301F-11D3-BF4B-00C04F79EFBC}") = "SalaryCalc", "SalaryCalc\SalaryCalc.csproj", "{411C9799-97BB-4ED9-9D9C-22C496423D6F}"
EndProject
Global
	GlobalSection(SolutionConfigurationPlatforms) = preSolution
		Debug|Any CPU = Debug|Any CPU
		Release|Any CPU = Release|Any CPU
	EndGlobalSection
	GlobalSection(ProjectConfigurationPlatforms) = postSolution
		{411C9799-97BB-4ED9-9D9C-22C496423D6F}.Debug|Any CPU.ActiveCfg = Debug|Any CPU
		{411C9799-97BB-4ED9-9D9C-22C496423D6F}.Debug|Any CPU.Build.0 = Debug|Any CPU
		{411C9799-97BB-4ED9-9D9C-22C496423D6F}.Release|Any CPU.ActiveCfg = Release|Any CPU
		{411C9799-97BB-4ED9-9D9C-22C496423D6F}.Release|Any CPU.Build.0 = Release|Any CPU
	EndGlobalSection
	GlobalSection(SolutionProperties) = preSolution
		HideSolutionNode = FALSE
	EndGlobalSection
	GlobalSection(ExtensibilityGlobals) = postSolution
		SolutionGuid = {F2779F4F-AD2C-48F4-9B4B-990210440E3F}
	EndGlobalSection
EndGlobal
