
Microsoft Visual Studio Solution File, Format Version 12.00
# Visual Studio 15
VisualStudioVersion = 15.0.27004.2009
MinimumVisualStudioVersion = 10.0.40219.1
Project("{FAE04EC0-301F-11D3-BF4B-00C04F79EFBC}") = "StackInheritanceLibrary", "StackInheritanceLibrary\StackInheritanceLibrary.csproj", "{AFD70E46-3FF5-4474-B362-2858D334F705}"
EndProject
Global
	GlobalSection(SolutionConfigurationPlatforms) = preSolution
		Debug|Any CPU = Debug|Any CPU
		Release|Any CPU = Release|Any CPU
	EndGlobalSection
	GlobalSection(ProjectConfigurationPlatforms) = postSolution
		{AFD70E46-3FF5-4474-B362-2858D334F705}.Debug|Any CPU.ActiveCfg = Debug|Any CPU
		{AFD70E46-3FF5-4474-B362-2858D334F705}.Debug|Any CPU.Build.0 = Debug|Any CPU
		{AFD70E46-3FF5-4474-B362-2858D334F705}.Release|Any CPU.ActiveCfg = Release|Any CPU
		{AFD70E46-3FF5-4474-B362-2858D334F705}.Release|Any CPU.Build.0 = Release|Any CPU
	EndGlobalSection
	GlobalSection(SolutionProperties) = preSolution
		HideSolutionNode = FALSE
	EndGlobalSection
	GlobalSection(ExtensibilityGlobals) = postSolution
		SolutionGuid = {DD386B3B-A5E1-4366-A3C8-9911E9B41F7D}
	EndGlobalSection
EndGlobal
