
Microsoft Visual Studio Solution File, Format Version 12.00
# Visual Studio 15
VisualStudioVersion = 15.0.26730.10
MinimumVisualStudioVersion = 10.0.40219.1
Project("{FAE04EC0-301F-11D3-BF4B-00C04F79EFBC}") = "TemperatureConversion", "TemperatureConversion\TemperatureConversion.csproj", "{DB578021-DCBC-48B1-90C5-B5084266308E}"
EndProject
Global
	GlobalSection(SolutionConfigurationPlatforms) = preSolution
		Debug|Any CPU = Debug|Any CPU
		Release|Any CPU = Release|Any CPU
	EndGlobalSection
	GlobalSection(ProjectConfigurationPlatforms) = postSolution
		{DB578021-DCBC-48B1-90C5-B5084266308E}.Debug|Any CPU.ActiveCfg = Debug|Any CPU
		{DB578021-DCBC-48B1-90C5-B5084266308E}.Debug|Any CPU.Build.0 = Debug|Any CPU
		{DB578021-DCBC-48B1-90C5-B5084266308E}.Release|Any CPU.ActiveCfg = Release|Any CPU
		{DB578021-DCBC-48B1-90C5-B5084266308E}.Release|Any CPU.Build.0 = Release|Any CPU
	EndGlobalSection
	GlobalSection(SolutionProperties) = preSolution
		HideSolutionNode = FALSE
	EndGlobalSection
	GlobalSection(ExtensibilityGlobals) = postSolution
		SolutionGuid = {FF44E3F2-E157-44FD-A5E4-0107CA444A95}
	EndGlobalSection
EndGlobal
