
Microsoft Visual Studio Solution File, Format Version 12.00
# Visual Studio 15
VisualStudioVersion = 15.0.27004.2009
MinimumVisualStudioVersion = 10.0.40219.1
Project("{FAE04EC0-301F-11D3-BF4B-00C04F79EFBC}") = "BinaryTreeLibrary", "BinaryTreeLibrary\BinaryTreeLibrary.csproj", "{DDF41D7C-DF70-4C22-87B8-9646019FB8FD}"
EndProject
Global
	GlobalSection(SolutionConfigurationPlatforms) = preSolution
		Debug|Any CPU = Debug|Any CPU
		Release|Any CPU = Release|Any CPU
	EndGlobalSection
	GlobalSection(ProjectConfigurationPlatforms) = postSolution
		{DDF41D7C-DF70-4C22-87B8-9646019FB8FD}.Debug|Any CPU.ActiveCfg = Debug|Any CPU
		{DDF41D7C-DF70-4C22-87B8-9646019FB8FD}.Debug|Any CPU.Build.0 = Debug|Any CPU
		{DDF41D7C-DF70-4C22-87B8-9646019FB8FD}.Release|Any CPU.ActiveCfg = Release|Any CPU
		{DDF41D7C-DF70-4C22-87B8-9646019FB8FD}.Release|Any CPU.Build.0 = Release|Any CPU
	EndGlobalSection
	GlobalSection(SolutionProperties) = preSolution
		HideSolutionNode = FALSE
	EndGlobalSection
	GlobalSection(ExtensibilityGlobals) = postSolution
		SolutionGuid = {4D7AC308-17BB-40DD-B3A6-CF089F19CFF3}
	EndGlobalSection
EndGlobal
